
Microsoft Visual Studio Solution File, Format Version 12.00
# Visual Studio Version 18
VisualStudioVersion = 18.1.11312.151 d18.0
MinimumVisualStudioVersion = 10.0.40219.1
Project("{FAE04EC0-301F-11D3-BF4B-00C04F79EFBC}") = "DocumentModel.BaseTypesTest", "DocumentModel.BaseTypesTest.csproj", "{E0312830-5533-8D18-113B-6102F4CA255C}"
EndProject
Global
	GlobalSection(SolutionConfigurationPlatforms) = preSolution
		Debug|Any CPU = Debug|Any CPU
		Release|Any CPU = Release|Any CPU
	EndGlobalSection
	GlobalSection(ProjectConfigurationPlatforms) = postSolution
		{E0312830-5533-8D18-113B-6102F4CA255C}.Debug|Any CPU.ActiveCfg = Debug|Any CPU
		{E0312830-5533-8D18-113B-6102F4CA255C}.Debug|Any CPU.Build.0 = Debug|Any CPU
		{E0312830-5533-8D18-113B-6102F4CA255C}.Release|Any CPU.ActiveCfg = Release|Any CPU
		{E0312830-5533-8D18-113B-6102F4CA255C}.Release|Any CPU.Build.0 = Release|Any CPU
	EndGlobalSection
	GlobalSection(SolutionProperties) = preSolution
		HideSolutionNode = FALSE
	EndGlobalSection
	GlobalSection(ExtensibilityGlobals) = postSolution
		SolutionGuid = {43506302-4378-4F93-81A5-65A7DD7DF8F0}
	EndGlobalSection
EndGlobal
