
Microsoft Visual Studio Solution File, Format Version 12.00
# Visual Studio Version 17
VisualStudioVersion = 17.11.35327.3
MinimumVisualStudioVersion = 10.0.40219.1
Project("{FAE04EC0-301F-11D3-BF4B-00C04F79EFBC}") = "SplitPdf", "SplitPdf.csproj", "{07E42392-5C82-45AF-87D6-2E881E69607A}"
EndProject
Global
	GlobalSection(SolutionConfigurationPlatforms) = preSolution
		Debug|Any CPU = Debug|Any CPU
		Release|Any CPU = Release|Any CPU
	EndGlobalSection
	GlobalSection(ProjectConfigurationPlatforms) = postSolution
		{07E42392-5C82-45AF-87D6-2E881E69607A}.Debug|Any CPU.ActiveCfg = Debug|Any CPU
		{07E42392-5C82-45AF-87D6-2E881E69607A}.Debug|Any CPU.Build.0 = Debug|Any CPU
		{07E42392-5C82-45AF-87D6-2E881E69607A}.Release|Any CPU.ActiveCfg = Release|Any CPU
		{07E42392-5C82-45AF-87D6-2E881E69607A}.Release|Any CPU.Build.0 = Release|Any CPU
	EndGlobalSection
	GlobalSection(SolutionProperties) = preSolution
		HideSolutionNode = FALSE
	EndGlobalSection
	GlobalSection(ExtensibilityGlobals) = postSolution
		SolutionGuid = {41A936D1-10C2-469A-ABB0-2DCE1769C36C}
	EndGlobalSection
EndGlobal
