
Microsoft Visual Studio Solution File, Format Version 12.00
# Visual Studio Version 17
VisualStudioVersion = 17.6.33723.286
MinimumVisualStudioVersion = 10.0.40219.1
Project("{FAE04EC0-301F-11D3-BF4B-00C04F79EFBC}") = "CodeFix", "CodeFix.csproj", "{DE07C8D1-FE76-4FA2-B127-5A3DA87193E4}"
EndProject
Project("{9A19103F-16F7-4668-BE54-9A1E7A4F7556}") = "DocumentModel", "..\DocumentModel\DocumentModel.csproj", "{84E285FE-7254-4BE9-83AC-D79657B3F0CF}"
EndProject
Global
	GlobalSection(SolutionConfigurationPlatforms) = preSolution
		Debug|Any CPU = Debug|Any CPU
		Release|Any CPU = Release|Any CPU
	EndGlobalSection
	GlobalSection(ProjectConfigurationPlatforms) = postSolution
		{DE07C8D1-FE76-4FA2-B127-5A3DA87193E4}.Debug|Any CPU.ActiveCfg = Debug|Any CPU
		{DE07C8D1-FE76-4FA2-B127-5A3DA87193E4}.Debug|Any CPU.Build.0 = Debug|Any CPU
		{DE07C8D1-FE76-4FA2-B127-5A3DA87193E4}.Release|Any CPU.ActiveCfg = Release|Any CPU
		{DE07C8D1-FE76-4FA2-B127-5A3DA87193E4}.Release|Any CPU.Build.0 = Release|Any CPU
		{84E285FE-7254-4BE9-83AC-D79657B3F0CF}.Debug|Any CPU.ActiveCfg = Debug|Any CPU
		{84E285FE-7254-4BE9-83AC-D79657B3F0CF}.Debug|Any CPU.Build.0 = Debug|Any CPU
		{84E285FE-7254-4BE9-83AC-D79657B3F0CF}.Release|Any CPU.ActiveCfg = Release|Any CPU
		{84E285FE-7254-4BE9-83AC-D79657B3F0CF}.Release|Any CPU.Build.0 = Release|Any CPU
	EndGlobalSection
	GlobalSection(SolutionProperties) = preSolution
		HideSolutionNode = FALSE
	EndGlobalSection
	GlobalSection(ExtensibilityGlobals) = postSolution
		SolutionGuid = {84878363-B6B7-4E7E-8285-D240902022F3}
	EndGlobalSection
EndGlobal
