
Microsoft Visual Studio Solution File, Format Version 12.00
# Visual Studio Version 17
VisualStudioVersion = 17.5.33424.131
MinimumVisualStudioVersion = 10.0.40219.1
Project("{FAE04EC0-301F-11D3-BF4B-00C04F79EFBC}") = "OpenXml.Tools.Test", "OpenXml.Tools.Test.csproj", "{2A5C972A-3149-4625-97FE-640EDA3BC899}"
EndProject
Project("{9A19103F-16F7-4668-BE54-9A1E7A4F7556}") = "Qhta.OpenXMLTools", "..\..\MyLib\Qhta.OpenXMLTools\Qhta.OpenXMLTools.csproj", "{3D6C81A2-AC4C-4B23-9FE2-6970ADBFCBD2}"
EndProject
Global
	GlobalSection(SolutionConfigurationPlatforms) = preSolution
		Debug|Any CPU = Debug|Any CPU
		Release|Any CPU = Release|Any CPU
	EndGlobalSection
	GlobalSection(ProjectConfigurationPlatforms) = postSolution
		{2A5C972A-3149-4625-97FE-640EDA3BC899}.Debug|Any CPU.ActiveCfg = Debug|Any CPU
		{2A5C972A-3149-4625-97FE-640EDA3BC899}.Debug|Any CPU.Build.0 = Debug|Any CPU
		{2A5C972A-3149-4625-97FE-640EDA3BC899}.Release|Any CPU.ActiveCfg = Release|Any CPU
		{2A5C972A-3149-4625-97FE-640EDA3BC899}.Release|Any CPU.Build.0 = Release|Any CPU
		{3D6C81A2-AC4C-4B23-9FE2-6970ADBFCBD2}.Debug|Any CPU.ActiveCfg = Debug|Any CPU
		{3D6C81A2-AC4C-4B23-9FE2-6970ADBFCBD2}.Debug|Any CPU.Build.0 = Debug|Any CPU
		{3D6C81A2-AC4C-4B23-9FE2-6970ADBFCBD2}.Release|Any CPU.ActiveCfg = Release|Any CPU
		{3D6C81A2-AC4C-4B23-9FE2-6970ADBFCBD2}.Release|Any CPU.Build.0 = Release|Any CPU
	EndGlobalSection
	GlobalSection(SolutionProperties) = preSolution
		HideSolutionNode = FALSE
	EndGlobalSection
	GlobalSection(ExtensibilityGlobals) = postSolution
		SolutionGuid = {6D4D651D-15AD-47C2-8E00-D98A4FA98201}
	EndGlobalSection
EndGlobal
