
Microsoft Visual Studio Solution File, Format Version 12.00
# Visual Studio Version 17
VisualStudioVersion = 17.4.33205.214
MinimumVisualStudioVersion = 10.0.40219.1
Project("{9A19103F-16F7-4668-BE54-9A1E7A4F7556}") = "DocxDocument.Reader.Test", "DocxDocument.Reader.Test.csproj", "{14C1F897-10E1-4D02-9B6F-99F233A5131C}"
EndProject
Project("{9A19103F-16F7-4668-BE54-9A1E7A4F7556}") = "DocumentModel.Internal.Impl", "..\DocumentModel.Internal.Impl\DocumentModel.Internal.Impl.csproj", "{36EE701C-B894-40C7-A947-00C771D844DE}"
EndProject
Project("{9A19103F-16F7-4668-BE54-9A1E7A4F7556}") = "DocumentModel.BaseTypes.Impl", "..\DocumentModel.BaseTypes.Impl\DocumentModel.BaseTypes.Impl.csproj", "{8DA06B2F-24C2-42A2-842C-085D20BC9541}"
EndProject
Project("{9A19103F-16F7-4668-BE54-9A1E7A4F7556}") = "DocumentModel.Impl", "..\DocumentModel.Impl\DocumentModel.Impl.csproj", "{D9BE8A4C-0940-477F-BB1B-3B02FB65472A}"
EndProject
Project("{9A19103F-16F7-4668-BE54-9A1E7A4F7556}") = "DocumentModel.Attributes", "..\DocumentModel.Attributes\DocumentModel.Attributes.csproj", "{FEABBEF5-E736-466E-B720-86B5EAA05D78}"
EndProject
Project("{9A19103F-16F7-4668-BE54-9A1E7A4F7556}") = "DocumentModel.BaseTypes", "..\DocumentModel.BaseTypes\DocumentModel.BaseTypes.csproj", "{E3C43FBE-76B9-4DCB-9097-B1A0BD97F37A}"
EndProject
Project("{9A19103F-16F7-4668-BE54-9A1E7A4F7556}") = "DocumentModel", "..\DocumentModel\DocumentModel.csproj", "{C49F830D-3B03-4002-896B-252A01528E98}"
EndProject
Project("{9A19103F-16F7-4668-BE54-9A1E7A4F7556}") = "DocxDocument.Reader", "..\DocxDocument.Reader\DocxDocument.Reader.csproj", "{8A712153-16C6-42FC-9AE5-30D3D47CFFDE}"
EndProject
Global
	GlobalSection(SolutionConfigurationPlatforms) = preSolution
		Debug|Any CPU = Debug|Any CPU
		Release|Any CPU = Release|Any CPU
	EndGlobalSection
	GlobalSection(ProjectConfigurationPlatforms) = postSolution
		{14C1F897-10E1-4D02-9B6F-99F233A5131C}.Debug|Any CPU.ActiveCfg = Debug|Any CPU
		{14C1F897-10E1-4D02-9B6F-99F233A5131C}.Debug|Any CPU.Build.0 = Debug|Any CPU
		{14C1F897-10E1-4D02-9B6F-99F233A5131C}.Release|Any CPU.ActiveCfg = Release|Any CPU
		{14C1F897-10E1-4D02-9B6F-99F233A5131C}.Release|Any CPU.Build.0 = Release|Any CPU
		{36EE701C-B894-40C7-A947-00C771D844DE}.Debug|Any CPU.ActiveCfg = Debug|Any CPU
		{36EE701C-B894-40C7-A947-00C771D844DE}.Debug|Any CPU.Build.0 = Debug|Any CPU
		{36EE701C-B894-40C7-A947-00C771D844DE}.Release|Any CPU.ActiveCfg = Release|Any CPU
		{36EE701C-B894-40C7-A947-00C771D844DE}.Release|Any CPU.Build.0 = Release|Any CPU
		{8DA06B2F-24C2-42A2-842C-085D20BC9541}.Debug|Any CPU.ActiveCfg = Debug|Any CPU
		{8DA06B2F-24C2-42A2-842C-085D20BC9541}.Debug|Any CPU.Build.0 = Debug|Any CPU
		{8DA06B2F-24C2-42A2-842C-085D20BC9541}.Release|Any CPU.ActiveCfg = Release|Any CPU
		{8DA06B2F-24C2-42A2-842C-085D20BC9541}.Release|Any CPU.Build.0 = Release|Any CPU
		{D9BE8A4C-0940-477F-BB1B-3B02FB65472A}.Debug|Any CPU.ActiveCfg = Debug|Any CPU
		{D9BE8A4C-0940-477F-BB1B-3B02FB65472A}.Debug|Any CPU.Build.0 = Debug|Any CPU
		{D9BE8A4C-0940-477F-BB1B-3B02FB65472A}.Release|Any CPU.ActiveCfg = Release|Any CPU
		{D9BE8A4C-0940-477F-BB1B-3B02FB65472A}.Release|Any CPU.Build.0 = Release|Any CPU
		{FEABBEF5-E736-466E-B720-86B5EAA05D78}.Debug|Any CPU.ActiveCfg = Debug|Any CPU
		{FEABBEF5-E736-466E-B720-86B5EAA05D78}.Debug|Any CPU.Build.0 = Debug|Any CPU
		{FEABBEF5-E736-466E-B720-86B5EAA05D78}.Release|Any CPU.ActiveCfg = Release|Any CPU
		{FEABBEF5-E736-466E-B720-86B5EAA05D78}.Release|Any CPU.Build.0 = Release|Any CPU
		{E3C43FBE-76B9-4DCB-9097-B1A0BD97F37A}.Debug|Any CPU.ActiveCfg = Debug|Any CPU
		{E3C43FBE-76B9-4DCB-9097-B1A0BD97F37A}.Debug|Any CPU.Build.0 = Debug|Any CPU
		{E3C43FBE-76B9-4DCB-9097-B1A0BD97F37A}.Release|Any CPU.ActiveCfg = Release|Any CPU
		{E3C43FBE-76B9-4DCB-9097-B1A0BD97F37A}.Release|Any CPU.Build.0 = Release|Any CPU
		{C49F830D-3B03-4002-896B-252A01528E98}.Debug|Any CPU.ActiveCfg = Debug|Any CPU
		{C49F830D-3B03-4002-896B-252A01528E98}.Debug|Any CPU.Build.0 = Debug|Any CPU
		{C49F830D-3B03-4002-896B-252A01528E98}.Release|Any CPU.ActiveCfg = Release|Any CPU
		{C49F830D-3B03-4002-896B-252A01528E98}.Release|Any CPU.Build.0 = Release|Any CPU
		{8A712153-16C6-42FC-9AE5-30D3D47CFFDE}.Debug|Any CPU.ActiveCfg = Debug|Any CPU
		{8A712153-16C6-42FC-9AE5-30D3D47CFFDE}.Debug|Any CPU.Build.0 = Debug|Any CPU
		{8A712153-16C6-42FC-9AE5-30D3D47CFFDE}.Release|Any CPU.ActiveCfg = Release|Any CPU
		{8A712153-16C6-42FC-9AE5-30D3D47CFFDE}.Release|Any CPU.Build.0 = Release|Any CPU
	EndGlobalSection
	GlobalSection(SolutionProperties) = preSolution
		HideSolutionNode = FALSE
	EndGlobalSection
	GlobalSection(ExtensibilityGlobals) = postSolution
		SolutionGuid = {5A2ACE62-5D8B-4B85-99C7-ED0B15EB6D6F}
	EndGlobalSection
EndGlobal
