
Microsoft Visual Studio Solution File, Format Version 12.00
# Visual Studio Version 17
VisualStudioVersion = 17.7.34202.233
MinimumVisualStudioVersion = 10.0.40219.1
Project("{9A19103F-16F7-4668-BE54-9A1E7A4F7556}") = "DocxDocument.Test", "DocxDocument.Test\DocxDocument.Test.csproj", "{671840C2-9641-42CB-9B2B-2D27F01F27DB}"
EndProject
Project("{2150E333-8FDC-42A3-9474-1A3956D46DE8}") = "Samples", "Samples", "{52F2D091-F0E3-458A-A7C7-22F42D915EDF}"
	ProjectSection(SolutionItems) = preProject
		DocumentProperties.docx = DocumentProperties.docx
		Empty.docx = Empty.docx
	EndProjectSection
EndProject
Project("{FAE04EC0-301F-11D3-BF4B-00C04F79EFBC}") = "DocxDocument.Test.Run", "DocxDocument.Test.Run\DocxDocument.Test.Run.csproj", "{7817A466-B5AE-4966-A9F1-3C6CB6297CDD}"
EndProject
Project("{FAE04EC0-301F-11D3-BF4B-00C04F79EFBC}") = "DocxDocumentExt", "..\DocxDocument.Ext\DocxDocument.Ext\DocxDocumentExt.csproj", "{DB52243C-F47E-4858-932E-BB88A72B7BA8}"
EndProject
Project("{2150E333-8FDC-42A3-9474-1A3956D46DE8}") = "Solution Items", "Solution Items", "{7E5EE044-F62D-455A-B482-2FE6B3B5BA7C}"
	ProjectSection(SolutionItems) = preProject
		.editorconfig = .editorconfig
	EndProjectSection
EndProject
Global
	GlobalSection(SolutionConfigurationPlatforms) = preSolution
		Debug|Any CPU = Debug|Any CPU
		Release|Any CPU = Release|Any CPU
	EndGlobalSection
	GlobalSection(ProjectConfigurationPlatforms) = postSolution
		{671840C2-9641-42CB-9B2B-2D27F01F27DB}.Debug|Any CPU.ActiveCfg = Debug|Any CPU
		{671840C2-9641-42CB-9B2B-2D27F01F27DB}.Debug|Any CPU.Build.0 = Debug|Any CPU
		{671840C2-9641-42CB-9B2B-2D27F01F27DB}.Release|Any CPU.ActiveCfg = Release|Any CPU
		{671840C2-9641-42CB-9B2B-2D27F01F27DB}.Release|Any CPU.Build.0 = Release|Any CPU
		{7817A466-B5AE-4966-A9F1-3C6CB6297CDD}.Debug|Any CPU.ActiveCfg = Debug|Any CPU
		{7817A466-B5AE-4966-A9F1-3C6CB6297CDD}.Debug|Any CPU.Build.0 = Debug|Any CPU
		{7817A466-B5AE-4966-A9F1-3C6CB6297CDD}.Release|Any CPU.ActiveCfg = Release|Any CPU
		{7817A466-B5AE-4966-A9F1-3C6CB6297CDD}.Release|Any CPU.Build.0 = Release|Any CPU
		{DB52243C-F47E-4858-932E-BB88A72B7BA8}.Debug|Any CPU.ActiveCfg = Debug|Any CPU
		{DB52243C-F47E-4858-932E-BB88A72B7BA8}.Debug|Any CPU.Build.0 = Debug|Any CPU
		{DB52243C-F47E-4858-932E-BB88A72B7BA8}.Release|Any CPU.ActiveCfg = Release|Any CPU
		{DB52243C-F47E-4858-932E-BB88A72B7BA8}.Release|Any CPU.Build.0 = Release|Any CPU
	EndGlobalSection
	GlobalSection(SolutionProperties) = preSolution
		HideSolutionNode = FALSE
	EndGlobalSection
	GlobalSection(ExtensibilityGlobals) = postSolution
		SolutionGuid = {A70F385E-B296-403E-8369-002DE78E8EC7}
	EndGlobalSection
EndGlobal
