
Microsoft Visual Studio Solution File, Format Version 12.00
# Visual Studio Version 17
VisualStudioVersion = 17.11.35327.3
MinimumVisualStudioVersion = 10.0.40219.1
Project("{9A19103F-16F7-4668-BE54-9A1E7A4F7556}") = "ScanOpenXmlTypes", "ScanOpenXmlTypes.csproj", "{0C6D2769-48A4-456A-84A1-24B0F2414372}"
EndProject
Project("{9A19103F-16F7-4668-BE54-9A1E7A4F7556}") = "OpenXmlDatabase", "..\OpenXmlDatabase\OpenXmlDatabase.csproj", "{846AE4F3-6939-4255-B847-0E31EF13A95A}"
EndProject
Project("{9A19103F-16F7-4668-BE54-9A1E7A4F7556}") = "Qhta.OpenXmlTools", "..\..\MyLib\Qhta.OpenXMLTools\Qhta.OpenXmlTools.csproj", "{614C1B46-59DF-4CFA-B949-E998B0EE8F15}"
EndProject
Global
	GlobalSection(SolutionConfigurationPlatforms) = preSolution
		Debug|Any CPU = Debug|Any CPU
		Debug|x64 = Debug|x64
		Debug|x86 = Debug|x86
		Release|Any CPU = Release|Any CPU
		Release|x64 = Release|x64
		Release|x86 = Release|x86
	EndGlobalSection
	GlobalSection(ProjectConfigurationPlatforms) = postSolution
		{0C6D2769-48A4-456A-84A1-24B0F2414372}.Debug|Any CPU.ActiveCfg = Debug|Any CPU
		{0C6D2769-48A4-456A-84A1-24B0F2414372}.Debug|Any CPU.Build.0 = Debug|Any CPU
		{0C6D2769-48A4-456A-84A1-24B0F2414372}.Debug|x64.ActiveCfg = Debug|Any CPU
		{0C6D2769-48A4-456A-84A1-24B0F2414372}.Debug|x64.Build.0 = Debug|Any CPU
		{0C6D2769-48A4-456A-84A1-24B0F2414372}.Debug|x86.ActiveCfg = Debug|Any CPU
		{0C6D2769-48A4-456A-84A1-24B0F2414372}.Debug|x86.Build.0 = Debug|Any CPU
		{0C6D2769-48A4-456A-84A1-24B0F2414372}.Release|Any CPU.ActiveCfg = Release|Any CPU
		{0C6D2769-48A4-456A-84A1-24B0F2414372}.Release|Any CPU.Build.0 = Release|Any CPU
		{0C6D2769-48A4-456A-84A1-24B0F2414372}.Release|x64.ActiveCfg = Release|Any CPU
		{0C6D2769-48A4-456A-84A1-24B0F2414372}.Release|x64.Build.0 = Release|Any CPU
		{0C6D2769-48A4-456A-84A1-24B0F2414372}.Release|x86.ActiveCfg = Release|Any CPU
		{0C6D2769-48A4-456A-84A1-24B0F2414372}.Release|x86.Build.0 = Release|Any CPU
		{846AE4F3-6939-4255-B847-0E31EF13A95A}.Debug|Any CPU.ActiveCfg = Debug|Any CPU
		{846AE4F3-6939-4255-B847-0E31EF13A95A}.Debug|Any CPU.Build.0 = Debug|Any CPU
		{846AE4F3-6939-4255-B847-0E31EF13A95A}.Debug|x64.ActiveCfg = Debug|Any CPU
		{846AE4F3-6939-4255-B847-0E31EF13A95A}.Debug|x64.Build.0 = Debug|Any CPU
		{846AE4F3-6939-4255-B847-0E31EF13A95A}.Debug|x86.ActiveCfg = Debug|Any CPU
		{846AE4F3-6939-4255-B847-0E31EF13A95A}.Debug|x86.Build.0 = Debug|Any CPU
		{846AE4F3-6939-4255-B847-0E31EF13A95A}.Release|Any CPU.ActiveCfg = Release|Any CPU
		{846AE4F3-6939-4255-B847-0E31EF13A95A}.Release|Any CPU.Build.0 = Release|Any CPU
		{846AE4F3-6939-4255-B847-0E31EF13A95A}.Release|x64.ActiveCfg = Release|Any CPU
		{846AE4F3-6939-4255-B847-0E31EF13A95A}.Release|x64.Build.0 = Release|Any CPU
		{846AE4F3-6939-4255-B847-0E31EF13A95A}.Release|x86.ActiveCfg = Release|Any CPU
		{846AE4F3-6939-4255-B847-0E31EF13A95A}.Release|x86.Build.0 = Release|Any CPU
		{614C1B46-59DF-4CFA-B949-E998B0EE8F15}.Debug|Any CPU.ActiveCfg = Debug|Any CPU
		{614C1B46-59DF-4CFA-B949-E998B0EE8F15}.Debug|Any CPU.Build.0 = Debug|Any CPU
		{614C1B46-59DF-4CFA-B949-E998B0EE8F15}.Debug|x64.ActiveCfg = Debug|Any CPU
		{614C1B46-59DF-4CFA-B949-E998B0EE8F15}.Debug|x64.Build.0 = Debug|Any CPU
		{614C1B46-59DF-4CFA-B949-E998B0EE8F15}.Debug|x86.ActiveCfg = Debug|Any CPU
		{614C1B46-59DF-4CFA-B949-E998B0EE8F15}.Debug|x86.Build.0 = Debug|Any CPU
		{614C1B46-59DF-4CFA-B949-E998B0EE8F15}.Release|Any CPU.ActiveCfg = Release|Any CPU
		{614C1B46-59DF-4CFA-B949-E998B0EE8F15}.Release|Any CPU.Build.0 = Release|Any CPU
		{614C1B46-59DF-4CFA-B949-E998B0EE8F15}.Release|x64.ActiveCfg = Release|Any CPU
		{614C1B46-59DF-4CFA-B949-E998B0EE8F15}.Release|x64.Build.0 = Release|Any CPU
		{614C1B46-59DF-4CFA-B949-E998B0EE8F15}.Release|x86.ActiveCfg = Release|Any CPU
		{614C1B46-59DF-4CFA-B949-E998B0EE8F15}.Release|x86.Build.0 = Release|Any CPU
	EndGlobalSection
	GlobalSection(SolutionProperties) = preSolution
		HideSolutionNode = FALSE
	EndGlobalSection
	GlobalSection(ExtensibilityGlobals) = postSolution
		SolutionGuid = {670E42C0-62BA-4F8C-9454-2B62C446B245}
	EndGlobalSection
EndGlobal
