
Microsoft Visual Studio Solution File, Format Version 12.00
# Visual Studio Version 17
VisualStudioVersion = 17.4.33103.184
MinimumVisualStudioVersion = 10.0.40219.1
Project("{9A19103F-16F7-4668-BE54-9A1E7A4F7556}") = "ModelGen", "ModelGen.csproj", "{2B3276BC-499F-4175-9EF3-62BFEB11F558}"
EndProject
Project("{9A19103F-16F7-4668-BE54-9A1E7A4F7556}") = "DocumentModel.BaseTypes", "..\DocumentModel.BaseTypes\DocumentModel.BaseTypes.csproj", "{40EBB709-F178-4FF8-8862-E49393345C04}"
EndProject
Global
	GlobalSection(SolutionConfigurationPlatforms) = preSolution
		Debug|Any CPU = Debug|Any CPU
		Release|Any CPU = Release|Any CPU
	EndGlobalSection
	GlobalSection(ProjectConfigurationPlatforms) = postSolution
		{2B3276BC-499F-4175-9EF3-62BFEB11F558}.Debug|Any CPU.ActiveCfg = Debug|Any CPU
		{2B3276BC-499F-4175-9EF3-62BFEB11F558}.Debug|Any CPU.Build.0 = Debug|Any CPU
		{2B3276BC-499F-4175-9EF3-62BFEB11F558}.Release|Any CPU.ActiveCfg = Release|Any CPU
		{2B3276BC-499F-4175-9EF3-62BFEB11F558}.Release|Any CPU.Build.0 = Release|Any CPU
		{40EBB709-F178-4FF8-8862-E49393345C04}.Debug|Any CPU.ActiveCfg = Debug|Any CPU
		{40EBB709-F178-4FF8-8862-E49393345C04}.Debug|Any CPU.Build.0 = Debug|Any CPU
		{40EBB709-F178-4FF8-8862-E49393345C04}.Release|Any CPU.ActiveCfg = Release|Any CPU
		{40EBB709-F178-4FF8-8862-E49393345C04}.Release|Any CPU.Build.0 = Release|Any CPU
	EndGlobalSection
	GlobalSection(SolutionProperties) = preSolution
		HideSolutionNode = FALSE
	EndGlobalSection
	GlobalSection(ExtensibilityGlobals) = postSolution
		SolutionGuid = {7CEBACF2-81A2-4F9C-ADCE-7482D721710D}
	EndGlobalSection
EndGlobal
