
Microsoft Visual Studio Solution File, Format Version 12.00
# Visual Studio Version 17
VisualStudioVersion = 17.10.34928.147
MinimumVisualStudioVersion = 10.0.40219.1
Project("{9A19103F-16F7-4668-BE54-9A1E7A4F7556}") = "ModelDoc", "ModelDoc.csproj", "{089423D5-B356-4127-B94B-D7A5EB380BA4}"
EndProject
Project("{FAE04EC0-301F-11D3-BF4B-00C04F79EFBC}") = "ModelDocApp", "..\ModelDocApp\ModelDocApp.csproj", "{27266A3D-1B80-4BAF-A1E6-0B9C4E56B4BC}"
EndProject
Global
	GlobalSection(SolutionConfigurationPlatforms) = preSolution
		Debug|Any CPU = Debug|Any CPU
		Release|Any CPU = Release|Any CPU
	EndGlobalSection
	GlobalSection(ProjectConfigurationPlatforms) = postSolution
		{089423D5-B356-4127-B94B-D7A5EB380BA4}.Debug|Any CPU.ActiveCfg = Debug|Any CPU
		{089423D5-B356-4127-B94B-D7A5EB380BA4}.Debug|Any CPU.Build.0 = Debug|Any CPU
		{089423D5-B356-4127-B94B-D7A5EB380BA4}.Release|Any CPU.ActiveCfg = Release|Any CPU
		{089423D5-B356-4127-B94B-D7A5EB380BA4}.Release|Any CPU.Build.0 = Release|Any CPU
		{27266A3D-1B80-4BAF-A1E6-0B9C4E56B4BC}.Debug|Any CPU.ActiveCfg = Debug|Any CPU
		{27266A3D-1B80-4BAF-A1E6-0B9C4E56B4BC}.Debug|Any CPU.Build.0 = Debug|Any CPU
		{27266A3D-1B80-4BAF-A1E6-0B9C4E56B4BC}.Release|Any CPU.ActiveCfg = Release|Any CPU
		{27266A3D-1B80-4BAF-A1E6-0B9C4E56B4BC}.Release|Any CPU.Build.0 = Release|Any CPU
	EndGlobalSection
	GlobalSection(SolutionProperties) = preSolution
		HideSolutionNode = FALSE
	EndGlobalSection
	GlobalSection(ExtensibilityGlobals) = postSolution
		SolutionGuid = {DC9F5F79-C93B-48A9-BE43-B442BEC67315}
	EndGlobalSection
EndGlobal
