
Microsoft Visual Studio Solution File, Format Version 12.00
# Visual Studio Version 18
VisualStudioVersion = 18.1.11312.151
MinimumVisualStudioVersion = 10.0.40219.1
Project("{FAE04EC0-301F-11D3-BF4B-00C04F79EFBC}") = "DocumentModel.Interfaces", "DocumentModel.Interfaces.csproj", "{27270877-5208-B535-E3A8-BD78189C82EC}"
EndProject
Project("{FAE04EC0-301F-11D3-BF4B-00C04F79EFBC}") = "DocumentModel.Interfaces.BaseTypesTest", "..\DocumentModel.Interfaces.BaseTypesTest\DocumentModel.Interfaces.BaseTypesTest.csproj", "{FB51CC46-383D-43A7-BA93-93EA89FB6437}"
EndProject
Global
	GlobalSection(SolutionConfigurationPlatforms) = preSolution
		Debug|Any CPU = Debug|Any CPU
		Release|Any CPU = Release|Any CPU
	EndGlobalSection
	GlobalSection(ProjectConfigurationPlatforms) = postSolution
		{27270877-5208-B535-E3A8-BD78189C82EC}.Debug|Any CPU.ActiveCfg = Debug|Any CPU
		{27270877-5208-B535-E3A8-BD78189C82EC}.Debug|Any CPU.Build.0 = Debug|Any CPU
		{27270877-5208-B535-E3A8-BD78189C82EC}.Release|Any CPU.ActiveCfg = Release|Any CPU
		{27270877-5208-B535-E3A8-BD78189C82EC}.Release|Any CPU.Build.0 = Release|Any CPU
		{FB51CC46-383D-43A7-BA93-93EA89FB6437}.Debug|Any CPU.ActiveCfg = Debug|Any CPU
		{FB51CC46-383D-43A7-BA93-93EA89FB6437}.Debug|Any CPU.Build.0 = Debug|Any CPU
		{FB51CC46-383D-43A7-BA93-93EA89FB6437}.Release|Any CPU.ActiveCfg = Release|Any CPU
		{FB51CC46-383D-43A7-BA93-93EA89FB6437}.Release|Any CPU.Build.0 = Release|Any CPU
	EndGlobalSection
	GlobalSection(SolutionProperties) = preSolution
		HideSolutionNode = FALSE
	EndGlobalSection
	GlobalSection(ExtensibilityGlobals) = postSolution
		SolutionGuid = {ECED1C65-15F9-4FF6-8870-E90E9B439E4A}
	EndGlobalSection
EndGlobal
