
Microsoft Visual Studio Solution File, Format Version 12.00
# Visual Studio Version 17
VisualStudioVersion = 17.10.34928.147
MinimumVisualStudioVersion = 10.0.40219.1
Project("{9A19103F-16F7-4668-BE54-9A1E7A4F7556}") = "ModelXmlSchema", "ModelXmlSchema.csproj", "{FD9B4738-39B1-4F83-A821-91B20FC835B2}"
EndProject
Project("{FAE04EC0-301F-11D3-BF4B-00C04F79EFBC}") = "ModelXmlSchemaApp", "..\ModelXmlSchemaApp\ModelXmlSchemaApp.csproj", "{D5A921FA-BAB0-478B-9C23-5ACF326141F0}"
EndProject
Global
	GlobalSection(SolutionConfigurationPlatforms) = preSolution
		Debug|Any CPU = Debug|Any CPU
		Release|Any CPU = Release|Any CPU
	EndGlobalSection
	GlobalSection(ProjectConfigurationPlatforms) = postSolution
		{FD9B4738-39B1-4F83-A821-91B20FC835B2}.Debug|Any CPU.ActiveCfg = Debug|Any CPU
		{FD9B4738-39B1-4F83-A821-91B20FC835B2}.Debug|Any CPU.Build.0 = Debug|Any CPU
		{FD9B4738-39B1-4F83-A821-91B20FC835B2}.Release|Any CPU.ActiveCfg = Release|Any CPU
		{FD9B4738-39B1-4F83-A821-91B20FC835B2}.Release|Any CPU.Build.0 = Release|Any CPU
		{D5A921FA-BAB0-478B-9C23-5ACF326141F0}.Debug|Any CPU.ActiveCfg = Debug|Any CPU
		{D5A921FA-BAB0-478B-9C23-5ACF326141F0}.Debug|Any CPU.Build.0 = Debug|Any CPU
		{D5A921FA-BAB0-478B-9C23-5ACF326141F0}.Release|Any CPU.ActiveCfg = Release|Any CPU
		{D5A921FA-BAB0-478B-9C23-5ACF326141F0}.Release|Any CPU.Build.0 = Release|Any CPU
	EndGlobalSection
	GlobalSection(SolutionProperties) = preSolution
		HideSolutionNode = FALSE
	EndGlobalSection
	GlobalSection(ExtensibilityGlobals) = postSolution
		SolutionGuid = {026646DF-ABF1-4D59-9CF4-901CB14EF86F}
	EndGlobalSection
EndGlobal
