
Microsoft Visual Studio Solution File, Format Version 12.00
# Visual Studio Version 18
VisualStudioVersion = 18.3.11512.155
MinimumVisualStudioVersion = 10.0.40219.1
Project("{FAE04EC0-301F-11D3-BF4B-00C04F79EFBC}") = "AutoEditLib", "AutoEditLib.csproj", "{83E5DE15-9237-D1BB-C9B6-90789128EDB4}"
EndProject
Project("{FAE04EC0-301F-11D3-BF4B-00C04F79EFBC}") = "AutoEditVsix", "..\AutoEditVsix\AutoEditVsix.csproj", "{E260F997-8DC3-4EE4-97DC-33DBBBE17B4E}"
EndProject
Project("{FAE04EC0-301F-11D3-BF4B-00C04F79EFBC}") = "AutoEditTest", "..\AutoEditTest\AutoEditTest.csproj", "{13D20030-B0CB-41D9-984D-7434758A0182}"
EndProject
Global
	GlobalSection(SolutionConfigurationPlatforms) = preSolution
		Debug|Any CPU = Debug|Any CPU
		Release|Any CPU = Release|Any CPU
	EndGlobalSection
	GlobalSection(ProjectConfigurationPlatforms) = postSolution
		{83E5DE15-9237-D1BB-C9B6-90789128EDB4}.Debug|Any CPU.ActiveCfg = Debug|Any CPU
		{83E5DE15-9237-D1BB-C9B6-90789128EDB4}.Debug|Any CPU.Build.0 = Debug|Any CPU
		{83E5DE15-9237-D1BB-C9B6-90789128EDB4}.Release|Any CPU.ActiveCfg = Release|Any CPU
		{83E5DE15-9237-D1BB-C9B6-90789128EDB4}.Release|Any CPU.Build.0 = Release|Any CPU
		{E260F997-8DC3-4EE4-97DC-33DBBBE17B4E}.Debug|Any CPU.ActiveCfg = Debug|Any CPU
		{E260F997-8DC3-4EE4-97DC-33DBBBE17B4E}.Debug|Any CPU.Build.0 = Debug|Any CPU
		{E260F997-8DC3-4EE4-97DC-33DBBBE17B4E}.Release|Any CPU.ActiveCfg = Release|Any CPU
		{E260F997-8DC3-4EE4-97DC-33DBBBE17B4E}.Release|Any CPU.Build.0 = Release|Any CPU
		{13D20030-B0CB-41D9-984D-7434758A0182}.Debug|Any CPU.ActiveCfg = Debug|Any CPU
		{13D20030-B0CB-41D9-984D-7434758A0182}.Debug|Any CPU.Build.0 = Debug|Any CPU
		{13D20030-B0CB-41D9-984D-7434758A0182}.Release|Any CPU.ActiveCfg = Release|Any CPU
		{13D20030-B0CB-41D9-984D-7434758A0182}.Release|Any CPU.Build.0 = Release|Any CPU
	EndGlobalSection
	GlobalSection(SolutionProperties) = preSolution
		HideSolutionNode = FALSE
	EndGlobalSection
	GlobalSection(ExtensibilityGlobals) = postSolution
		SolutionGuid = {14A87EA5-FAE0-46C0-B1D7-89C77DC3B5B3}
	EndGlobalSection
EndGlobal
